
Microsoft Visual Studio Solution File, Format Version 12.00
# Visual Studio 14
VisualStudioVersion = 14.0.25420.1
MinimumVisualStudioVersion = 10.0.40219.1
Project("{FAE04EC0-301F-11D3-BF4B-00C04F79EFBC}") = "InterviewExample", "InterviewExample\InterviewExample.csproj", "{ECEC5C57-AA38-416F-A8B8-14596D3D4C40}"
EndProject
Project("{FAE04EC0-301F-11D3-BF4B-00C04F79EFBC}") = "StringsApp", "StringsApp\StringsApp.csproj", "{04560E6C-3E28-4DF5-A657-9F0FD2F92C08}"
EndProject
Project("{FAE04EC0-301F-11D3-BF4B-00C04F79EFBC}") = "FindTwoSum", "FindTwoSum\FindTwoSum.csproj", "{68BF57E8-7AFD-4345-B508-06B72F001ADD}"
EndProject
Project("{FAE04EC0-301F-11D3-BF4B-00C04F79EFBC}") = "ConvertStringToUpperAndLower", "ConvertStringToUpperAndLower\ConvertStringToUpperAndLower.csproj", "{EC5B65C9-E8B0-4FB7-B544-B8EA3BD3FA48}"
EndProject
Project("{FAE04EC0-301F-11D3-BF4B-00C04F79EFBC}") = "HashTable", "HashTable\HashTable.csproj", "{CE3862E1-81BE-4066-88CB-29E0AFF9C5D5}"
EndProject
Project("{FAE04EC0-301F-11D3-BF4B-00C04F79EFBC}") = "AvlTree", "AvlTree\AvlTree.csproj", "{BA8B6ED0-039F-4B15-A21E-C9E025C27394}"
EndProject
Project("{FAE04EC0-301F-11D3-BF4B-00C04F79EFBC}") = "CountWord_Demo", "CountWord_Demo\CountWord_Demo.csproj", "{A4A10EF5-7C46-44D5-8197-DAAA4B32DE9E}"
EndProject
Project("{FAE04EC0-301F-11D3-BF4B-00C04F79EFBC}") = "RemoveWord_Demo", "RemoveWord_Demo\RemoveWord_Demo.csproj", "{EC6C263E-3AA4-4B98-8A43-797A7826D755}"
EndProject
Project("{FAE04EC0-301F-11D3-BF4B-00C04F79EFBC}") = "Permutation", "Permutation\Permutation.csproj", "{8F2E37BA-6DFE-44B5-956D-FDB641AF5DD2}"
EndProject
Project("{FAE04EC0-301F-11D3-BF4B-00C04F79EFBC}") = "countword", "countword\countword.csproj", "{BC8D815E-60D6-41A9-8F58-B1FE2FF74677}"
EndProject
Project("{FAE04EC0-301F-11D3-BF4B-00C04F79EFBC}") = "LCM", "LCM\LCM.csproj", "{A8F9A902-58E7-40A2-A9AA-27973651D1E3}"
EndProject
Project("{FAE04EC0-301F-11D3-BF4B-00C04F79EFBC}") = "RegexApp", "RegexApp\RegexApp\RegexApp.csproj", "{CA0EC223-3DCC-4085-826B-2138CF3E2DE6}"
EndProject
Project("{FAE04EC0-301F-11D3-BF4B-00C04F79EFBC}") = "ReversString", "ReversString\ReversString\ReversString.csproj", "{B2008834-D88A-43F6-B654-F1144E3CD82A}"
EndProject
Project("{FAE04EC0-301F-11D3-BF4B-00C04F79EFBC}") = "SortingApp", "InterviewExample\SortingApp\SortingApp\SortingApp.csproj", "{45A8EB8A-EA6D-45D1-8CD8-62C876D3510F}"
EndProject
Project("{FAE04EC0-301F-11D3-BF4B-00C04F79EFBC}") = "collections App", "InterviewExample\collections App\collections App\collections App.csproj", "{DA756F1B-326D-47BA-A227-4CF8514E797B}"
EndProject
Project("{FAE04EC0-301F-11D3-BF4B-00C04F79EFBC}") = "LinkedList", "LinkedList\LinkedList.csproj", "{3FC84E4B-07D0-4EAD-B9C6-89265A5EB306}"
EndProject
Project("{FAE04EC0-301F-11D3-BF4B-00C04F79EFBC}") = "CoinChangingMinimumCoin", "CoinChangingMinimumCoin\CoinChangingMinimumCoin.csproj", "{AA1F1114-B110-4F1F-AFE8-A4D25F394172}"
EndProject
Project("{FAE04EC0-301F-11D3-BF4B-00C04F79EFBC}") = "BinarySearchTree", "BinarySearchTree\BinarySearchTree.csproj", "{A34EFCA6-1712-414F-84CF-4677A076A2B4}"
EndProject
Project("{FAE04EC0-301F-11D3-BF4B-00C04F79EFBC}") = "Merge_two_sorted_arrays", "Merge_two_sorted_arrays\Merge_two_sorted_arrays.csproj", "{95BE662B-5A5B-463C-95EE-A0788E1BB54A}"
EndProject
Project("{FAE04EC0-301F-11D3-BF4B-00C04F79EFBC}") = "LongestPalindromeFinder", "LongestPalindromeFinder\LongestPalindromeFinder.csproj", "{C745C685-A1DB-4F8A-8081-A75C9992F6C0}"
EndProject
Project("{FAE04EC0-301F-11D3-BF4B-00C04F79EFBC}") = "LongestPalindrom", "LongestPalindrom\LongestPalindrom.csproj", "{B3A78EAC-0B13-49DA-BCEB-4FA55CC436A4}"
EndProject
Project("{FAE04EC0-301F-11D3-BF4B-00C04F79EFBC}") = "ThreeSum", "ThreeSum\ThreeSum.csproj", "{9DD0DD6D-3CE3-4C45-9FB5-6B43C4BA481D}"
EndProject
Project("{FAE04EC0-301F-11D3-BF4B-00C04F79EFBC}") = "ConsoleApplication1", "ConsoleApplication1\ConsoleApplication1.csproj", "{ACBCB55E-6B43-4852-B306-D4A51D3D64F4}"
EndProject
Project("{FAE04EC0-301F-11D3-BF4B-00C04F79EFBC}") = "ZigZagConversion", "ZigZagConversion\ZigZagConversion.csproj", "{85368828-4F7A-4410-B2F8-1E108133D940}"
EndProject
Project("{FAE04EC0-301F-11D3-BF4B-00C04F79EFBC}") = "LongestCommonSubstring", "LongestCommonSubstring\LongestCommonSubstring.csproj", "{23C903FC-D9FD-4225-8371-2BF8EEB9F471}"
EndProject
Project("{FAE04EC0-301F-11D3-BF4B-00C04F79EFBC}") = "ConsoleApplication2", "ConsoleApplication2\ConsoleApplication2.csproj", "{9505A0AC-F198-4FE2-8DFE-3DB1A077E695}"
EndProject
Project("{FAE04EC0-301F-11D3-BF4B-00C04F79EFBC}") = "BinaryIsbalanced", "BinaryIsbalanced\BinaryIsbalanced.csproj", "{8D57341E-2F8D-475F-9866-FFFEC64B59C2}"
EndProject
Project("{FAE04EC0-301F-11D3-BF4B-00C04F79EFBC}") = "MinCoins", "MinCoins\MinCoins.csproj", "{EEC5C3E8-5B12-4B0A-AFA5-A61E1D1D9D59}"
EndProject
Project("{FAE04EC0-301F-11D3-BF4B-00C04F79EFBC}") = "Boundarytraversalbinarytree", "Boundarytraversalbinarytree\Boundarytraversalbinarytree.csproj", "{17AE0D7A-A23C-4FB7-84E2-6B5E3CB7784A}"
EndProject
Project("{FAE04EC0-301F-11D3-BF4B-00C04F79EFBC}") = "MedianOfTwoSortedArrays", "MedianOfTwoSortedArrays\MedianOfTwoSortedArrays.csproj", "{712C3EE1-13F4-4866-804F-D6FF77A6D69D}"
EndProject
Project("{FAE04EC0-301F-11D3-BF4B-00C04F79EFBC}") = "IncreasingSubsequence", "IncreasingSubsequence\IncreasingSubsequence.csproj", "{35C01BF9-6577-43FD-BE6B-E0396A974F33}"
EndProject
Project("{FAE04EC0-301F-11D3-BF4B-00C04F79EFBC}") = "Interval", "Interval\Interval.csproj", "{6165BEDE-5FBD-4E88-B891-1FCAAA21C075}"
EndProject
Project("{FAE04EC0-301F-11D3-BF4B-00C04F79EFBC}") = "Interval_Insert", "Interval_Insert\Interval_Insert.csproj", "{CE2E6F10-077F-4BD8-ACB7-2D5B43F6EDD5}"
EndProject
Project("{FAE04EC0-301F-11D3-BF4B-00C04F79EFBC}") = "LengthOfLastWord", "LengthOfLastWord\LengthOfLastWord.csproj", "{8E34AF5B-E667-4B13-9EDD-84871B602508}"
EndProject
Project("{FAE04EC0-301F-11D3-BF4B-00C04F79EFBC}") = "AddBinary", "AddBinary\AddBinary.csproj", "{D4DEF482-4D09-43FD-9794-4DEE42A0526A}"
EndProject
Project("{FAE04EC0-301F-11D3-BF4B-00C04F79EFBC}") = "MergeSortedArray", "MergeSortedArray\MergeSortedArray.csproj", "{0BE62F2D-6A03-435E-B5B4-B13A45645C4E}"
EndProject
Project("{FAE04EC0-301F-11D3-BF4B-00C04F79EFBC}") = "Find_the_minimum_element", "Find_the_minimum_element\Find_the_minimum_element.csproj", "{512C2E6C-D12C-4E62-97DD-35308AB38BDF}"
EndProject
Global
	GlobalSection(SolutionConfigurationPlatforms) = preSolution
		Debug|Any CPU = Debug|Any CPU
		Debug|ARM = Debug|ARM
		Debug|x64 = Debug|x64
		Debug|x86 = Debug|x86
		Release|Any CPU = Release|Any CPU
		Release|ARM = Release|ARM
		Release|x64 = Release|x64
		Release|x86 = Release|x86
	EndGlobalSection
	GlobalSection(ProjectConfigurationPlatforms) = postSolution
		{ECEC5C57-AA38-416F-A8B8-14596D3D4C40}.Debug|Any CPU.ActiveCfg = Debug|Any CPU
		{ECEC5C57-AA38-416F-A8B8-14596D3D4C40}.Debug|Any CPU.Build.0 = Debug|Any CPU
		{ECEC5C57-AA38-416F-A8B8-14596D3D4C40}.Debug|ARM.ActiveCfg = Debug|Any CPU
		{ECEC5C57-AA38-416F-A8B8-14596D3D4C40}.Debug|ARM.Build.0 = Debug|Any CPU
		{ECEC5C57-AA38-416F-A8B8-14596D3D4C40}.Debug|x64.ActiveCfg = Debug|Any CPU
		{ECEC5C57-AA38-416F-A8B8-14596D3D4C40}.Debug|x64.Build.0 = Debug|Any CPU
		{ECEC5C57-AA38-416F-A8B8-14596D3D4C40}.Debug|x86.ActiveCfg = Debug|Any CPU
		{ECEC5C57-AA38-416F-A8B8-14596D3D4C40}.Debug|x86.Build.0 = Debug|Any CPU
		{ECEC5C57-AA38-416F-A8B8-14596D3D4C40}.Release|Any CPU.ActiveCfg = Release|Any CPU
		{ECEC5C57-AA38-416F-A8B8-14596D3D4C40}.Release|Any CPU.Build.0 = Release|Any CPU
		{ECEC5C57-AA38-416F-A8B8-14596D3D4C40}.Release|ARM.ActiveCfg = Release|Any CPU
		{ECEC5C57-AA38-416F-A8B8-14596D3D4C40}.Release|ARM.Build.0 = Release|Any CPU
		{ECEC5C57-AA38-416F-A8B8-14596D3D4C40}.Release|x64.ActiveCfg = Release|Any CPU
		{ECEC5C57-AA38-416F-A8B8-14596D3D4C40}.Release|x64.Build.0 = Release|Any CPU
		{ECEC5C57-AA38-416F-A8B8-14596D3D4C40}.Release|x86.ActiveCfg = Release|Any CPU
		{ECEC5C57-AA38-416F-A8B8-14596D3D4C40}.Release|x86.Build.0 = Release|Any CPU
		{04560E6C-3E28-4DF5-A657-9F0FD2F92C08}.Debug|Any CPU.ActiveCfg = Debug|Any CPU
		{04560E6C-3E28-4DF5-A657-9F0FD2F92C08}.Debug|Any CPU.Build.0 = Debug|Any CPU
		{04560E6C-3E28-4DF5-A657-9F0FD2F92C08}.Debug|ARM.ActiveCfg = Debug|Any CPU
		{04560E6C-3E28-4DF5-A657-9F0FD2F92C08}.Debug|ARM.Build.0 = Debug|Any CPU
		{04560E6C-3E28-4DF5-A657-9F0FD2F92C08}.Debug|x64.ActiveCfg = Debug|Any CPU
		{04560E6C-3E28-4DF5-A657-9F0FD2F92C08}.Debug|x64.Build.0 = Debug|Any CPU
		{04560E6C-3E28-4DF5-A657-9F0FD2F92C08}.Debug|x86.ActiveCfg = Debug|Any CPU
		{04560E6C-3E28-4DF5-A657-9F0FD2F92C08}.Debug|x86.Build.0 = Debug|Any CPU
		{04560E6C-3E28-4DF5-A657-9F0FD2F92C08}.Release|Any CPU.ActiveCfg = Release|Any CPU
		{04560E6C-3E28-4DF5-A657-9F0FD2F92C08}.Release|Any CPU.Build.0 = Release|Any CPU
		{04560E6C-3E28-4DF5-A657-9F0FD2F92C08}.Release|ARM.ActiveCfg = Release|Any CPU
		{04560E6C-3E28-4DF5-A657-9F0FD2F92C08}.Release|ARM.Build.0 = Release|Any CPU
		{04560E6C-3E28-4DF5-A657-9F0FD2F92C08}.Release|x64.ActiveCfg = Release|Any CPU
		{04560E6C-3E28-4DF5-A657-9F0FD2F92C08}.Release|x64.Build.0 = Release|Any CPU
		{04560E6C-3E28-4DF5-A657-9F0FD2F92C08}.Release|x86.ActiveCfg = Release|Any CPU
		{04560E6C-3E28-4DF5-A657-9F0FD2F92C08}.Release|x86.Build.0 = Release|Any CPU
		{68BF57E8-7AFD-4345-B508-06B72F001ADD}.Debug|Any CPU.ActiveCfg = Debug|Any CPU
		{68BF57E8-7AFD-4345-B508-06B72F001ADD}.Debug|Any CPU.Build.0 = Debug|Any CPU
		{68BF57E8-7AFD-4345-B508-06B72F001ADD}.Debug|ARM.ActiveCfg = Debug|Any CPU
		{68BF57E8-7AFD-4345-B508-06B72F001ADD}.Debug|ARM.Build.0 = Debug|Any CPU
		{68BF57E8-7AFD-4345-B508-06B72F001ADD}.Debug|x64.ActiveCfg = Debug|Any CPU
		{68BF57E8-7AFD-4345-B508-06B72F001ADD}.Debug|x64.Build.0 = Debug|Any CPU
		{68BF57E8-7AFD-4345-B508-06B72F001ADD}.Debug|x86.ActiveCfg = Debug|Any CPU
		{68BF57E8-7AFD-4345-B508-06B72F001ADD}.Debug|x86.Build.0 = Debug|Any CPU
		{68BF57E8-7AFD-4345-B508-06B72F001ADD}.Release|Any CPU.ActiveCfg = Release|Any CPU
		{68BF57E8-7AFD-4345-B508-06B72F001ADD}.Release|Any CPU.Build.0 = Release|Any CPU
		{68BF57E8-7AFD-4345-B508-06B72F001ADD}.Release|ARM.ActiveCfg = Release|Any CPU
		{68BF57E8-7AFD-4345-B508-06B72F001ADD}.Release|ARM.Build.0 = Release|Any CPU
		{68BF57E8-7AFD-4345-B508-06B72F001ADD}.Release|x64.ActiveCfg = Release|Any CPU
		{68BF57E8-7AFD-4345-B508-06B72F001ADD}.Release|x64.Build.0 = Release|Any CPU
		{68BF57E8-7AFD-4345-B508-06B72F001ADD}.Release|x86.ActiveCfg = Release|Any CPU
		{68BF57E8-7AFD-4345-B508-06B72F001ADD}.Release|x86.Build.0 = Release|Any CPU
		{EC5B65C9-E8B0-4FB7-B544-B8EA3BD3FA48}.Debug|Any CPU.ActiveCfg = Debug|Any CPU
		{EC5B65C9-E8B0-4FB7-B544-B8EA3BD3FA48}.Debug|Any CPU.Build.0 = Debug|Any CPU
		{EC5B65C9-E8B0-4FB7-B544-B8EA3BD3FA48}.Debug|ARM.ActiveCfg = Debug|Any CPU
		{EC5B65C9-E8B0-4FB7-B544-B8EA3BD3FA48}.Debug|ARM.Build.0 = Debug|Any CPU
		{EC5B65C9-E8B0-4FB7-B544-B8EA3BD3FA48}.Debug|x64.ActiveCfg = Debug|Any CPU
		{EC5B65C9-E8B0-4FB7-B544-B8EA3BD3FA48}.Debug|x64.Build.0 = Debug|Any CPU
		{EC5B65C9-E8B0-4FB7-B544-B8EA3BD3FA48}.Debug|x86.ActiveCfg = Debug|Any CPU
		{EC5B65C9-E8B0-4FB7-B544-B8EA3BD3FA48}.Debug|x86.Build.0 = Debug|Any CPU
		{EC5B65C9-E8B0-4FB7-B544-B8EA3BD3FA48}.Release|Any CPU.ActiveCfg = Release|Any CPU
		{EC5B65C9-E8B0-4FB7-B544-B8EA3BD3FA48}.Release|Any CPU.Build.0 = Release|Any CPU
		{EC5B65C9-E8B0-4FB7-B544-B8EA3BD3FA48}.Release|ARM.ActiveCfg = Release|Any CPU
		{EC5B65C9-E8B0-4FB7-B544-B8EA3BD3FA48}.Release|ARM.Build.0 = Release|Any CPU
		{EC5B65C9-E8B0-4FB7-B544-B8EA3BD3FA48}.Release|x64.ActiveCfg = Release|Any CPU
		{EC5B65C9-E8B0-4FB7-B544-B8EA3BD3FA48}.Release|x64.Build.0 = Release|Any CPU
		{EC5B65C9-E8B0-4FB7-B544-B8EA3BD3FA48}.Release|x86.ActiveCfg = Release|Any CPU
		{EC5B65C9-E8B0-4FB7-B544-B8EA3BD3FA48}.Release|x86.Build.0 = Release|Any CPU
		{CE3862E1-81BE-4066-88CB-29E0AFF9C5D5}.Debug|Any CPU.ActiveCfg = Debug|Any CPU
		{CE3862E1-81BE-4066-88CB-29E0AFF9C5D5}.Debug|Any CPU.Build.0 = Debug|Any CPU
		{CE3862E1-81BE-4066-88CB-29E0AFF9C5D5}.Debug|ARM.ActiveCfg = Debug|Any CPU
		{CE3862E1-81BE-4066-88CB-29E0AFF9C5D5}.Debug|ARM.Build.0 = Debug|Any CPU
		{CE3862E1-81BE-4066-88CB-29E0AFF9C5D5}.Debug|x64.ActiveCfg = Debug|Any CPU
		{CE3862E1-81BE-4066-88CB-29E0AFF9C5D5}.Debug|x64.Build.0 = Debug|Any CPU
		{CE3862E1-81BE-4066-88CB-29E0AFF9C5D5}.Debug|x86.ActiveCfg = Debug|Any CPU
		{CE3862E1-81BE-4066-88CB-29E0AFF9C5D5}.Debug|x86.Build.0 = Debug|Any CPU
		{CE3862E1-81BE-4066-88CB-29E0AFF9C5D5}.Release|Any CPU.ActiveCfg = Release|Any CPU
		{CE3862E1-81BE-4066-88CB-29E0AFF9C5D5}.Release|Any CPU.Build.0 = Release|Any CPU
		{CE3862E1-81BE-4066-88CB-29E0AFF9C5D5}.Release|ARM.ActiveCfg = Release|Any CPU
		{CE3862E1-81BE-4066-88CB-29E0AFF9C5D5}.Release|ARM.Build.0 = Release|Any CPU
		{CE3862E1-81BE-4066-88CB-29E0AFF9C5D5}.Release|x64.ActiveCfg = Release|Any CPU
		{CE3862E1-81BE-4066-88CB-29E0AFF9C5D5}.Release|x64.Build.0 = Release|Any CPU
		{CE3862E1-81BE-4066-88CB-29E0AFF9C5D5}.Release|x86.ActiveCfg = Release|Any CPU
		{CE3862E1-81BE-4066-88CB-29E0AFF9C5D5}.Release|x86.Build.0 = Release|Any CPU
		{BA8B6ED0-039F-4B15-A21E-C9E025C27394}.Debug|Any CPU.ActiveCfg = Debug|Any CPU
		{BA8B6ED0-039F-4B15-A21E-C9E025C27394}.Debug|Any CPU.Build.0 = Debug|Any CPU
		{BA8B6ED0-039F-4B15-A21E-C9E025C27394}.Debug|ARM.ActiveCfg = Debug|Any CPU
		{BA8B6ED0-039F-4B15-A21E-C9E025C27394}.Debug|ARM.Build.0 = Debug|Any CPU
		{BA8B6ED0-039F-4B15-A21E-C9E025C27394}.Debug|x64.ActiveCfg = Debug|Any CPU
		{BA8B6ED0-039F-4B15-A21E-C9E025C27394}.Debug|x64.Build.0 = Debug|Any CPU
		{BA8B6ED0-039F-4B15-A21E-C9E025C27394}.Debug|x86.ActiveCfg = Debug|Any CPU
		{BA8B6ED0-039F-4B15-A21E-C9E025C27394}.Debug|x86.Build.0 = Debug|Any CPU
		{BA8B6ED0-039F-4B15-A21E-C9E025C27394}.Release|Any CPU.ActiveCfg = Release|Any CPU
		{BA8B6ED0-039F-4B15-A21E-C9E025C27394}.Release|Any CPU.Build.0 = Release|Any CPU
		{BA8B6ED0-039F-4B15-A21E-C9E025C27394}.Release|ARM.ActiveCfg = Release|Any CPU
		{BA8B6ED0-039F-4B15-A21E-C9E025C27394}.Release|ARM.Build.0 = Release|Any CPU
		{BA8B6ED0-039F-4B15-A21E-C9E025C27394}.Release|x64.ActiveCfg = Release|Any CPU
		{BA8B6ED0-039F-4B15-A21E-C9E025C27394}.Release|x64.Build.0 = Release|Any CPU
		{BA8B6ED0-039F-4B15-A21E-C9E025C27394}.Release|x86.ActiveCfg = Release|Any CPU
		{BA8B6ED0-039F-4B15-A21E-C9E025C27394}.Release|x86.Build.0 = Release|Any CPU
		{A4A10EF5-7C46-44D5-8197-DAAA4B32DE9E}.Debug|Any CPU.ActiveCfg = Debug|Any CPU
		{A4A10EF5-7C46-44D5-8197-DAAA4B32DE9E}.Debug|Any CPU.Build.0 = Debug|Any CPU
		{A4A10EF5-7C46-44D5-8197-DAAA4B32DE9E}.Debug|ARM.ActiveCfg = Debug|Any CPU
		{A4A10EF5-7C46-44D5-8197-DAAA4B32DE9E}.Debug|ARM.Build.0 = Debug|Any CPU
		{A4A10EF5-7C46-44D5-8197-DAAA4B32DE9E}.Debug|x64.ActiveCfg = Debug|Any CPU
		{A4A10EF5-7C46-44D5-8197-DAAA4B32DE9E}.Debug|x64.Build.0 = Debug|Any CPU
		{A4A10EF5-7C46-44D5-8197-DAAA4B32DE9E}.Debug|x86.ActiveCfg = Debug|Any CPU
		{A4A10EF5-7C46-44D5-8197-DAAA4B32DE9E}.Debug|x86.Build.0 = Debug|Any CPU
		{A4A10EF5-7C46-44D5-8197-DAAA4B32DE9E}.Release|Any CPU.ActiveCfg = Release|Any CPU
		{A4A10EF5-7C46-44D5-8197-DAAA4B32DE9E}.Release|Any CPU.Build.0 = Release|Any CPU
		{A4A10EF5-7C46-44D5-8197-DAAA4B32DE9E}.Release|ARM.ActiveCfg = Release|Any CPU
		{A4A10EF5-7C46-44D5-8197-DAAA4B32DE9E}.Release|ARM.Build.0 = Release|Any CPU
		{A4A10EF5-7C46-44D5-8197-DAAA4B32DE9E}.Release|x64.ActiveCfg = Release|Any CPU
		{A4A10EF5-7C46-44D5-8197-DAAA4B32DE9E}.Release|x64.Build.0 = Release|Any CPU
		{A4A10EF5-7C46-44D5-8197-DAAA4B32DE9E}.Release|x86.ActiveCfg = Release|Any CPU
		{A4A10EF5-7C46-44D5-8197-DAAA4B32DE9E}.Release|x86.Build.0 = Release|Any CPU
		{EC6C263E-3AA4-4B98-8A43-797A7826D755}.Debug|Any CPU.ActiveCfg = Debug|Any CPU
		{EC6C263E-3AA4-4B98-8A43-797A7826D755}.Debug|Any CPU.Build.0 = Debug|Any CPU
		{EC6C263E-3AA4-4B98-8A43-797A7826D755}.Debug|ARM.ActiveCfg = Debug|Any CPU
		{EC6C263E-3AA4-4B98-8A43-797A7826D755}.Debug|ARM.Build.0 = Debug|Any CPU
		{EC6C263E-3AA4-4B98-8A43-797A7826D755}.Debug|x64.ActiveCfg = Debug|Any CPU
		{EC6C263E-3AA4-4B98-8A43-797A7826D755}.Debug|x64.Build.0 = Debug|Any CPU
		{EC6C263E-3AA4-4B98-8A43-797A7826D755}.Debug|x86.ActiveCfg = Debug|Any CPU
		{EC6C263E-3AA4-4B98-8A43-797A7826D755}.Debug|x86.Build.0 = Debug|Any CPU
		{EC6C263E-3AA4-4B98-8A43-797A7826D755}.Release|Any CPU.ActiveCfg = Release|Any CPU
		{EC6C263E-3AA4-4B98-8A43-797A7826D755}.Release|Any CPU.Build.0 = Release|Any CPU
		{EC6C263E-3AA4-4B98-8A43-797A7826D755}.Release|ARM.ActiveCfg = Release|Any CPU
		{EC6C263E-3AA4-4B98-8A43-797A7826D755}.Release|ARM.Build.0 = Release|Any CPU
		{EC6C263E-3AA4-4B98-8A43-797A7826D755}.Release|x64.ActiveCfg = Release|Any CPU
		{EC6C263E-3AA4-4B98-8A43-797A7826D755}.Release|x64.Build.0 = Release|Any CPU
		{EC6C263E-3AA4-4B98-8A43-797A7826D755}.Release|x86.ActiveCfg = Release|Any CPU
		{EC6C263E-3AA4-4B98-8A43-797A7826D755}.Release|x86.Build.0 = Release|Any CPU
		{8F2E37BA-6DFE-44B5-956D-FDB641AF5DD2}.Debug|Any CPU.ActiveCfg = Debug|Any CPU
		{8F2E37BA-6DFE-44B5-956D-FDB641AF5DD2}.Debug|Any CPU.Build.0 = Debug|Any CPU
		{8F2E37BA-6DFE-44B5-956D-FDB641AF5DD2}.Debug|ARM.ActiveCfg = Debug|Any CPU
		{8F2E37BA-6DFE-44B5-956D-FDB641AF5DD2}.Debug|ARM.Build.0 = Debug|Any CPU
		{8F2E37BA-6DFE-44B5-956D-FDB641AF5DD2}.Debug|x64.ActiveCfg = Debug|Any CPU
		{8F2E37BA-6DFE-44B5-956D-FDB641AF5DD2}.Debug|x64.Build.0 = Debug|Any CPU
		{8F2E37BA-6DFE-44B5-956D-FDB641AF5DD2}.Debug|x86.ActiveCfg = Debug|Any CPU
		{8F2E37BA-6DFE-44B5-956D-FDB641AF5DD2}.Debug|x86.Build.0 = Debug|Any CPU
		{8F2E37BA-6DFE-44B5-956D-FDB641AF5DD2}.Release|Any CPU.ActiveCfg = Release|Any CPU
		{8F2E37BA-6DFE-44B5-956D-FDB641AF5DD2}.Release|Any CPU.Build.0 = Release|Any CPU
		{8F2E37BA-6DFE-44B5-956D-FDB641AF5DD2}.Release|ARM.ActiveCfg = Release|Any CPU
		{8F2E37BA-6DFE-44B5-956D-FDB641AF5DD2}.Release|ARM.Build.0 = Release|Any CPU
		{8F2E37BA-6DFE-44B5-956D-FDB641AF5DD2}.Release|x64.ActiveCfg = Release|Any CPU
		{8F2E37BA-6DFE-44B5-956D-FDB641AF5DD2}.Release|x64.Build.0 = Release|Any CPU
		{8F2E37BA-6DFE-44B5-956D-FDB641AF5DD2}.Release|x86.ActiveCfg = Release|Any CPU
		{8F2E37BA-6DFE-44B5-956D-FDB641AF5DD2}.Release|x86.Build.0 = Release|Any CPU
		{BC8D815E-60D6-41A9-8F58-B1FE2FF74677}.Debug|Any CPU.ActiveCfg = Debug|Any CPU
		{BC8D815E-60D6-41A9-8F58-B1FE2FF74677}.Debug|Any CPU.Build.0 = Debug|Any CPU
		{BC8D815E-60D6-41A9-8F58-B1FE2FF74677}.Debug|ARM.ActiveCfg = Debug|Any CPU
		{BC8D815E-60D6-41A9-8F58-B1FE2FF74677}.Debug|ARM.Build.0 = Debug|Any CPU
		{BC8D815E-60D6-41A9-8F58-B1FE2FF74677}.Debug|x64.ActiveCfg = Debug|Any CPU
		{BC8D815E-60D6-41A9-8F58-B1FE2FF74677}.Debug|x64.Build.0 = Debug|Any CPU
		{BC8D815E-60D6-41A9-8F58-B1FE2FF74677}.Debug|x86.ActiveCfg = Debug|Any CPU
		{BC8D815E-60D6-41A9-8F58-B1FE2FF74677}.Debug|x86.Build.0 = Debug|Any CPU
		{BC8D815E-60D6-41A9-8F58-B1FE2FF74677}.Release|Any CPU.ActiveCfg = Release|Any CPU
		{BC8D815E-60D6-41A9-8F58-B1FE2FF74677}.Release|Any CPU.Build.0 = Release|Any CPU
		{BC8D815E-60D6-41A9-8F58-B1FE2FF74677}.Release|ARM.ActiveCfg = Release|Any CPU
		{BC8D815E-60D6-41A9-8F58-B1FE2FF74677}.Release|ARM.Build.0 = Release|Any CPU
		{BC8D815E-60D6-41A9-8F58-B1FE2FF74677}.Release|x64.ActiveCfg = Release|Any CPU
		{BC8D815E-60D6-41A9-8F58-B1FE2FF74677}.Release|x64.Build.0 = Release|Any CPU
		{BC8D815E-60D6-41A9-8F58-B1FE2FF74677}.Release|x86.ActiveCfg = Release|Any CPU
		{BC8D815E-60D6-41A9-8F58-B1FE2FF74677}.Release|x86.Build.0 = Release|Any CPU
		{A8F9A902-58E7-40A2-A9AA-27973651D1E3}.Debug|Any CPU.ActiveCfg = Debug|Any CPU
		{A8F9A902-58E7-40A2-A9AA-27973651D1E3}.Debug|Any CPU.Build.0 = Debug|Any CPU
		{A8F9A902-58E7-40A2-A9AA-27973651D1E3}.Debug|ARM.ActiveCfg = Debug|Any CPU
		{A8F9A902-58E7-40A2-A9AA-27973651D1E3}.Debug|ARM.Build.0 = Debug|Any CPU
		{A8F9A902-58E7-40A2-A9AA-27973651D1E3}.Debug|x64.ActiveCfg = Debug|Any CPU
		{A8F9A902-58E7-40A2-A9AA-27973651D1E3}.Debug|x64.Build.0 = Debug|Any CPU
		{A8F9A902-58E7-40A2-A9AA-27973651D1E3}.Debug|x86.ActiveCfg = Debug|Any CPU
		{A8F9A902-58E7-40A2-A9AA-27973651D1E3}.Debug|x86.Build.0 = Debug|Any CPU
		{A8F9A902-58E7-40A2-A9AA-27973651D1E3}.Release|Any CPU.ActiveCfg = Release|Any CPU
		{A8F9A902-58E7-40A2-A9AA-27973651D1E3}.Release|Any CPU.Build.0 = Release|Any CPU
		{A8F9A902-58E7-40A2-A9AA-27973651D1E3}.Release|ARM.ActiveCfg = Release|Any CPU
		{A8F9A902-58E7-40A2-A9AA-27973651D1E3}.Release|ARM.Build.0 = Release|Any CPU
		{A8F9A902-58E7-40A2-A9AA-27973651D1E3}.Release|x64.ActiveCfg = Release|Any CPU
		{A8F9A902-58E7-40A2-A9AA-27973651D1E3}.Release|x64.Build.0 = Release|Any CPU
		{A8F9A902-58E7-40A2-A9AA-27973651D1E3}.Release|x86.ActiveCfg = Release|Any CPU
		{A8F9A902-58E7-40A2-A9AA-27973651D1E3}.Release|x86.Build.0 = Release|Any CPU
		{CA0EC223-3DCC-4085-826B-2138CF3E2DE6}.Debug|Any CPU.ActiveCfg = Debug|Any CPU
		{CA0EC223-3DCC-4085-826B-2138CF3E2DE6}.Debug|Any CPU.Build.0 = Debug|Any CPU
		{CA0EC223-3DCC-4085-826B-2138CF3E2DE6}.Debug|ARM.ActiveCfg = Debug|Any CPU
		{CA0EC223-3DCC-4085-826B-2138CF3E2DE6}.Debug|ARM.Build.0 = Debug|Any CPU
		{CA0EC223-3DCC-4085-826B-2138CF3E2DE6}.Debug|x64.ActiveCfg = Debug|Any CPU
		{CA0EC223-3DCC-4085-826B-2138CF3E2DE6}.Debug|x64.Build.0 = Debug|Any CPU
		{CA0EC223-3DCC-4085-826B-2138CF3E2DE6}.Debug|x86.ActiveCfg = Debug|Any CPU
		{CA0EC223-3DCC-4085-826B-2138CF3E2DE6}.Debug|x86.Build.0 = Debug|Any CPU
		{CA0EC223-3DCC-4085-826B-2138CF3E2DE6}.Release|Any CPU.ActiveCfg = Release|Any CPU
		{CA0EC223-3DCC-4085-826B-2138CF3E2DE6}.Release|Any CPU.Build.0 = Release|Any CPU
		{CA0EC223-3DCC-4085-826B-2138CF3E2DE6}.Release|ARM.ActiveCfg = Release|Any CPU
		{CA0EC223-3DCC-4085-826B-2138CF3E2DE6}.Release|ARM.Build.0 = Release|Any CPU
		{CA0EC223-3DCC-4085-826B-2138CF3E2DE6}.Release|x64.ActiveCfg = Release|Any CPU
		{CA0EC223-3DCC-4085-826B-2138CF3E2DE6}.Release|x64.Build.0 = Release|Any CPU
		{CA0EC223-3DCC-4085-826B-2138CF3E2DE6}.Release|x86.ActiveCfg = Release|Any CPU
		{CA0EC223-3DCC-4085-826B-2138CF3E2DE6}.Release|x86.Build.0 = Release|Any CPU
		{B2008834-D88A-43F6-B654-F1144E3CD82A}.Debug|Any CPU.ActiveCfg = Debug|Any CPU
		{B2008834-D88A-43F6-B654-F1144E3CD82A}.Debug|Any CPU.Build.0 = Debug|Any CPU
		{B2008834-D88A-43F6-B654-F1144E3CD82A}.Debug|ARM.ActiveCfg = Debug|Any CPU
		{B2008834-D88A-43F6-B654-F1144E3CD82A}.Debug|ARM.Build.0 = Debug|Any CPU
		{B2008834-D88A-43F6-B654-F1144E3CD82A}.Debug|x64.ActiveCfg = Debug|Any CPU
		{B2008834-D88A-43F6-B654-F1144E3CD82A}.Debug|x64.Build.0 = Debug|Any CPU
		{B2008834-D88A-43F6-B654-F1144E3CD82A}.Debug|x86.ActiveCfg = Debug|Any CPU
		{B2008834-D88A-43F6-B654-F1144E3CD82A}.Debug|x86.Build.0 = Debug|Any CPU
		{B2008834-D88A-43F6-B654-F1144E3CD82A}.Release|Any CPU.ActiveCfg = Release|Any CPU
		{B2008834-D88A-43F6-B654-F1144E3CD82A}.Release|Any CPU.Build.0 = Release|Any CPU
		{B2008834-D88A-43F6-B654-F1144E3CD82A}.Release|ARM.ActiveCfg = Release|Any CPU
		{B2008834-D88A-43F6-B654-F1144E3CD82A}.Release|ARM.Build.0 = Release|Any CPU
		{B2008834-D88A-43F6-B654-F1144E3CD82A}.Release|x64.ActiveCfg = Release|Any CPU
		{B2008834-D88A-43F6-B654-F1144E3CD82A}.Release|x64.Build.0 = Release|Any CPU
		{B2008834-D88A-43F6-B654-F1144E3CD82A}.Release|x86.ActiveCfg = Release|Any CPU
		{B2008834-D88A-43F6-B654-F1144E3CD82A}.Release|x86.Build.0 = Release|Any CPU
		{45A8EB8A-EA6D-45D1-8CD8-62C876D3510F}.Debug|Any CPU.ActiveCfg = Debug|Any CPU
		{45A8EB8A-EA6D-45D1-8CD8-62C876D3510F}.Debug|Any CPU.Build.0 = Debug|Any CPU
		{45A8EB8A-EA6D-45D1-8CD8-62C876D3510F}.Debug|ARM.ActiveCfg = Debug|Any CPU
		{45A8EB8A-EA6D-45D1-8CD8-62C876D3510F}.Debug|ARM.Build.0 = Debug|Any CPU
		{45A8EB8A-EA6D-45D1-8CD8-62C876D3510F}.Debug|x64.ActiveCfg = Debug|Any CPU
		{45A8EB8A-EA6D-45D1-8CD8-62C876D3510F}.Debug|x64.Build.0 = Debug|Any CPU
		{45A8EB8A-EA6D-45D1-8CD8-62C876D3510F}.Debug|x86.ActiveCfg = Debug|Any CPU
		{45A8EB8A-EA6D-45D1-8CD8-62C876D3510F}.Debug|x86.Build.0 = Debug|Any CPU
		{45A8EB8A-EA6D-45D1-8CD8-62C876D3510F}.Release|Any CPU.ActiveCfg = Release|Any CPU
		{45A8EB8A-EA6D-45D1-8CD8-62C876D3510F}.Release|Any CPU.Build.0 = Release|Any CPU
		{45A8EB8A-EA6D-45D1-8CD8-62C876D3510F}.Release|ARM.ActiveCfg = Release|Any CPU
		{45A8EB8A-EA6D-45D1-8CD8-62C876D3510F}.Release|ARM.Build.0 = Release|Any CPU
		{45A8EB8A-EA6D-45D1-8CD8-62C876D3510F}.Release|x64.ActiveCfg = Release|Any CPU
		{45A8EB8A-EA6D-45D1-8CD8-62C876D3510F}.Release|x64.Build.0 = Release|Any CPU
		{45A8EB8A-EA6D-45D1-8CD8-62C876D3510F}.Release|x86.ActiveCfg = Release|Any CPU
		{45A8EB8A-EA6D-45D1-8CD8-62C876D3510F}.Release|x86.Build.0 = Release|Any CPU
		{DA756F1B-326D-47BA-A227-4CF8514E797B}.Debug|Any CPU.ActiveCfg = Debug|Any CPU
		{DA756F1B-326D-47BA-A227-4CF8514E797B}.Debug|Any CPU.Build.0 = Debug|Any CPU
		{DA756F1B-326D-47BA-A227-4CF8514E797B}.Debug|ARM.ActiveCfg = Debug|Any CPU
		{DA756F1B-326D-47BA-A227-4CF8514E797B}.Debug|ARM.Build.0 = Debug|Any CPU
		{DA756F1B-326D-47BA-A227-4CF8514E797B}.Debug|x64.ActiveCfg = Debug|Any CPU
		{DA756F1B-326D-47BA-A227-4CF8514E797B}.Debug|x64.Build.0 = Debug|Any CPU
		{DA756F1B-326D-47BA-A227-4CF8514E797B}.Debug|x86.ActiveCfg = Debug|Any CPU
		{DA756F1B-326D-47BA-A227-4CF8514E797B}.Debug|x86.Build.0 = Debug|Any CPU
		{DA756F1B-326D-47BA-A227-4CF8514E797B}.Release|Any CPU.ActiveCfg = Release|Any CPU
		{DA756F1B-326D-47BA-A227-4CF8514E797B}.Release|Any CPU.Build.0 = Release|Any CPU
		{DA756F1B-326D-47BA-A227-4CF8514E797B}.Release|ARM.ActiveCfg = Release|Any CPU
		{DA756F1B-326D-47BA-A227-4CF8514E797B}.Release|ARM.Build.0 = Release|Any CPU
		{DA756F1B-326D-47BA-A227-4CF8514E797B}.Release|x64.ActiveCfg = Release|Any CPU
		{DA756F1B-326D-47BA-A227-4CF8514E797B}.Release|x64.Build.0 = Release|Any CPU
		{DA756F1B-326D-47BA-A227-4CF8514E797B}.Release|x86.ActiveCfg = Release|Any CPU
		{DA756F1B-326D-47BA-A227-4CF8514E797B}.Release|x86.Build.0 = Release|Any CPU
		{3FC84E4B-07D0-4EAD-B9C6-89265A5EB306}.Debug|Any CPU.ActiveCfg = Debug|Any CPU
		{3FC84E4B-07D0-4EAD-B9C6-89265A5EB306}.Debug|Any CPU.Build.0 = Debug|Any CPU
		{3FC84E4B-07D0-4EAD-B9C6-89265A5EB306}.Debug|ARM.ActiveCfg = Debug|Any CPU
		{3FC84E4B-07D0-4EAD-B9C6-89265A5EB306}.Debug|ARM.Build.0 = Debug|Any CPU
		{3FC84E4B-07D0-4EAD-B9C6-89265A5EB306}.Debug|x64.ActiveCfg = Debug|Any CPU
		{3FC84E4B-07D0-4EAD-B9C6-89265A5EB306}.Debug|x64.Build.0 = Debug|Any CPU
		{3FC84E4B-07D0-4EAD-B9C6-89265A5EB306}.Debug|x86.ActiveCfg = Debug|Any CPU
		{3FC84E4B-07D0-4EAD-B9C6-89265A5EB306}.Debug|x86.Build.0 = Debug|Any CPU
		{3FC84E4B-07D0-4EAD-B9C6-89265A5EB306}.Release|Any CPU.ActiveCfg = Release|Any CPU
		{3FC84E4B-07D0-4EAD-B9C6-89265A5EB306}.Release|Any CPU.Build.0 = Release|Any CPU
		{3FC84E4B-07D0-4EAD-B9C6-89265A5EB306}.Release|ARM.ActiveCfg = Release|Any CPU
		{3FC84E4B-07D0-4EAD-B9C6-89265A5EB306}.Release|ARM.Build.0 = Release|Any CPU
		{3FC84E4B-07D0-4EAD-B9C6-89265A5EB306}.Release|x64.ActiveCfg = Release|Any CPU
		{3FC84E4B-07D0-4EAD-B9C6-89265A5EB306}.Release|x64.Build.0 = Release|Any CPU
		{3FC84E4B-07D0-4EAD-B9C6-89265A5EB306}.Release|x86.ActiveCfg = Release|Any CPU
		{3FC84E4B-07D0-4EAD-B9C6-89265A5EB306}.Release|x86.Build.0 = Release|Any CPU
		{AA1F1114-B110-4F1F-AFE8-A4D25F394172}.Debug|Any CPU.ActiveCfg = Debug|Any CPU
		{AA1F1114-B110-4F1F-AFE8-A4D25F394172}.Debug|Any CPU.Build.0 = Debug|Any CPU
		{AA1F1114-B110-4F1F-AFE8-A4D25F394172}.Debug|ARM.ActiveCfg = Debug|Any CPU
		{AA1F1114-B110-4F1F-AFE8-A4D25F394172}.Debug|ARM.Build.0 = Debug|Any CPU
		{AA1F1114-B110-4F1F-AFE8-A4D25F394172}.Debug|x64.ActiveCfg = Debug|Any CPU
		{AA1F1114-B110-4F1F-AFE8-A4D25F394172}.Debug|x64.Build.0 = Debug|Any CPU
		{AA1F1114-B110-4F1F-AFE8-A4D25F394172}.Debug|x86.ActiveCfg = Debug|Any CPU
		{AA1F1114-B110-4F1F-AFE8-A4D25F394172}.Debug|x86.Build.0 = Debug|Any CPU
		{AA1F1114-B110-4F1F-AFE8-A4D25F394172}.Release|Any CPU.ActiveCfg = Release|Any CPU
		{AA1F1114-B110-4F1F-AFE8-A4D25F394172}.Release|Any CPU.Build.0 = Release|Any CPU
		{AA1F1114-B110-4F1F-AFE8-A4D25F394172}.Release|ARM.ActiveCfg = Release|Any CPU
		{AA1F1114-B110-4F1F-AFE8-A4D25F394172}.Release|ARM.Build.0 = Release|Any CPU
		{AA1F1114-B110-4F1F-AFE8-A4D25F394172}.Release|x64.ActiveCfg = Release|Any CPU
		{AA1F1114-B110-4F1F-AFE8-A4D25F394172}.Release|x64.Build.0 = Release|Any CPU
		{AA1F1114-B110-4F1F-AFE8-A4D25F394172}.Release|x86.ActiveCfg = Release|Any CPU
		{AA1F1114-B110-4F1F-AFE8-A4D25F394172}.Release|x86.Build.0 = Release|Any CPU
		{A34EFCA6-1712-414F-84CF-4677A076A2B4}.Debug|Any CPU.ActiveCfg = Debug|Any CPU
		{A34EFCA6-1712-414F-84CF-4677A076A2B4}.Debug|Any CPU.Build.0 = Debug|Any CPU
		{A34EFCA6-1712-414F-84CF-4677A076A2B4}.Debug|ARM.ActiveCfg = Debug|Any CPU
		{A34EFCA6-1712-414F-84CF-4677A076A2B4}.Debug|ARM.Build.0 = Debug|Any CPU
		{A34EFCA6-1712-414F-84CF-4677A076A2B4}.Debug|x64.ActiveCfg = Debug|Any CPU
		{A34EFCA6-1712-414F-84CF-4677A076A2B4}.Debug|x64.Build.0 = Debug|Any CPU
		{A34EFCA6-1712-414F-84CF-4677A076A2B4}.Debug|x86.ActiveCfg = Debug|Any CPU
		{A34EFCA6-1712-414F-84CF-4677A076A2B4}.Debug|x86.Build.0 = Debug|Any CPU
		{A34EFCA6-1712-414F-84CF-4677A076A2B4}.Release|Any CPU.ActiveCfg = Release|Any CPU
		{A34EFCA6-1712-414F-84CF-4677A076A2B4}.Release|Any CPU.Build.0 = Release|Any CPU
		{A34EFCA6-1712-414F-84CF-4677A076A2B4}.Release|ARM.ActiveCfg = Release|Any CPU
		{A34EFCA6-1712-414F-84CF-4677A076A2B4}.Release|ARM.Build.0 = Release|Any CPU
		{A34EFCA6-1712-414F-84CF-4677A076A2B4}.Release|x64.ActiveCfg = Release|Any CPU
		{A34EFCA6-1712-414F-84CF-4677A076A2B4}.Release|x64.Build.0 = Release|Any CPU
		{A34EFCA6-1712-414F-84CF-4677A076A2B4}.Release|x86.ActiveCfg = Release|Any CPU
		{A34EFCA6-1712-414F-84CF-4677A076A2B4}.Release|x86.Build.0 = Release|Any CPU
		{95BE662B-5A5B-463C-95EE-A0788E1BB54A}.Debug|Any CPU.ActiveCfg = Debug|Any CPU
		{95BE662B-5A5B-463C-95EE-A0788E1BB54A}.Debug|Any CPU.Build.0 = Debug|Any CPU
		{95BE662B-5A5B-463C-95EE-A0788E1BB54A}.Debug|ARM.ActiveCfg = Debug|Any CPU
		{95BE662B-5A5B-463C-95EE-A0788E1BB54A}.Debug|ARM.Build.0 = Debug|Any CPU
		{95BE662B-5A5B-463C-95EE-A0788E1BB54A}.Debug|x64.ActiveCfg = Debug|Any CPU
		{95BE662B-5A5B-463C-95EE-A0788E1BB54A}.Debug|x64.Build.0 = Debug|Any CPU
		{95BE662B-5A5B-463C-95EE-A0788E1BB54A}.Debug|x86.ActiveCfg = Debug|Any CPU
		{95BE662B-5A5B-463C-95EE-A0788E1BB54A}.Debug|x86.Build.0 = Debug|Any CPU
		{95BE662B-5A5B-463C-95EE-A0788E1BB54A}.Release|Any CPU.ActiveCfg = Release|Any CPU
		{95BE662B-5A5B-463C-95EE-A0788E1BB54A}.Release|Any CPU.Build.0 = Release|Any CPU
		{95BE662B-5A5B-463C-95EE-A0788E1BB54A}.Release|ARM.ActiveCfg = Release|Any CPU
		{95BE662B-5A5B-463C-95EE-A0788E1BB54A}.Release|ARM.Build.0 = Release|Any CPU
		{95BE662B-5A5B-463C-95EE-A0788E1BB54A}.Release|x64.ActiveCfg = Release|Any CPU
		{95BE662B-5A5B-463C-95EE-A0788E1BB54A}.Release|x64.Build.0 = Release|Any CPU
		{95BE662B-5A5B-463C-95EE-A0788E1BB54A}.Release|x86.ActiveCfg = Release|Any CPU
		{95BE662B-5A5B-463C-95EE-A0788E1BB54A}.Release|x86.Build.0 = Release|Any CPU
		{C745C685-A1DB-4F8A-8081-A75C9992F6C0}.Debug|Any CPU.ActiveCfg = Debug|Any CPU
		{C745C685-A1DB-4F8A-8081-A75C9992F6C0}.Debug|Any CPU.Build.0 = Debug|Any CPU
		{C745C685-A1DB-4F8A-8081-A75C9992F6C0}.Debug|ARM.ActiveCfg = Debug|Any CPU
		{C745C685-A1DB-4F8A-8081-A75C9992F6C0}.Debug|ARM.Build.0 = Debug|Any CPU
		{C745C685-A1DB-4F8A-8081-A75C9992F6C0}.Debug|x64.ActiveCfg = Debug|Any CPU
		{C745C685-A1DB-4F8A-8081-A75C9992F6C0}.Debug|x64.Build.0 = Debug|Any CPU
		{C745C685-A1DB-4F8A-8081-A75C9992F6C0}.Debug|x86.ActiveCfg = Debug|Any CPU
		{C745C685-A1DB-4F8A-8081-A75C9992F6C0}.Debug|x86.Build.0 = Debug|Any CPU
		{C745C685-A1DB-4F8A-8081-A75C9992F6C0}.Release|Any CPU.ActiveCfg = Release|Any CPU
		{C745C685-A1DB-4F8A-8081-A75C9992F6C0}.Release|Any CPU.Build.0 = Release|Any CPU
		{C745C685-A1DB-4F8A-8081-A75C9992F6C0}.Release|ARM.ActiveCfg = Release|Any CPU
		{C745C685-A1DB-4F8A-8081-A75C9992F6C0}.Release|ARM.Build.0 = Release|Any CPU
		{C745C685-A1DB-4F8A-8081-A75C9992F6C0}.Release|x64.ActiveCfg = Release|Any CPU
		{C745C685-A1DB-4F8A-8081-A75C9992F6C0}.Release|x64.Build.0 = Release|Any CPU
		{C745C685-A1DB-4F8A-8081-A75C9992F6C0}.Release|x86.ActiveCfg = Release|Any CPU
		{C745C685-A1DB-4F8A-8081-A75C9992F6C0}.Release|x86.Build.0 = Release|Any CPU
		{B3A78EAC-0B13-49DA-BCEB-4FA55CC436A4}.Debug|Any CPU.ActiveCfg = Debug|Any CPU
		{B3A78EAC-0B13-49DA-BCEB-4FA55CC436A4}.Debug|Any CPU.Build.0 = Debug|Any CPU
		{B3A78EAC-0B13-49DA-BCEB-4FA55CC436A4}.Debug|ARM.ActiveCfg = Debug|Any CPU
		{B3A78EAC-0B13-49DA-BCEB-4FA55CC436A4}.Debug|ARM.Build.0 = Debug|Any CPU
		{B3A78EAC-0B13-49DA-BCEB-4FA55CC436A4}.Debug|x64.ActiveCfg = Debug|Any CPU
		{B3A78EAC-0B13-49DA-BCEB-4FA55CC436A4}.Debug|x64.Build.0 = Debug|Any CPU
		{B3A78EAC-0B13-49DA-BCEB-4FA55CC436A4}.Debug|x86.ActiveCfg = Debug|Any CPU
		{B3A78EAC-0B13-49DA-BCEB-4FA55CC436A4}.Debug|x86.Build.0 = Debug|Any CPU
		{B3A78EAC-0B13-49DA-BCEB-4FA55CC436A4}.Release|Any CPU.ActiveCfg = Release|Any CPU
		{B3A78EAC-0B13-49DA-BCEB-4FA55CC436A4}.Release|Any CPU.Build.0 = Release|Any CPU
		{B3A78EAC-0B13-49DA-BCEB-4FA55CC436A4}.Release|ARM.ActiveCfg = Release|Any CPU
		{B3A78EAC-0B13-49DA-BCEB-4FA55CC436A4}.Release|ARM.Build.0 = Release|Any CPU
		{B3A78EAC-0B13-49DA-BCEB-4FA55CC436A4}.Release|x64.ActiveCfg = Release|Any CPU
		{B3A78EAC-0B13-49DA-BCEB-4FA55CC436A4}.Release|x64.Build.0 = Release|Any CPU
		{B3A78EAC-0B13-49DA-BCEB-4FA55CC436A4}.Release|x86.ActiveCfg = Release|Any CPU
		{B3A78EAC-0B13-49DA-BCEB-4FA55CC436A4}.Release|x86.Build.0 = Release|Any CPU
		{9DD0DD6D-3CE3-4C45-9FB5-6B43C4BA481D}.Debug|Any CPU.ActiveCfg = Debug|Any CPU
		{9DD0DD6D-3CE3-4C45-9FB5-6B43C4BA481D}.Debug|Any CPU.Build.0 = Debug|Any CPU
		{9DD0DD6D-3CE3-4C45-9FB5-6B43C4BA481D}.Debug|ARM.ActiveCfg = Debug|Any CPU
		{9DD0DD6D-3CE3-4C45-9FB5-6B43C4BA481D}.Debug|ARM.Build.0 = Debug|Any CPU
		{9DD0DD6D-3CE3-4C45-9FB5-6B43C4BA481D}.Debug|x64.ActiveCfg = Debug|Any CPU
		{9DD0DD6D-3CE3-4C45-9FB5-6B43C4BA481D}.Debug|x64.Build.0 = Debug|Any CPU
		{9DD0DD6D-3CE3-4C45-9FB5-6B43C4BA481D}.Debug|x86.ActiveCfg = Debug|Any CPU
		{9DD0DD6D-3CE3-4C45-9FB5-6B43C4BA481D}.Debug|x86.Build.0 = Debug|Any CPU
		{9DD0DD6D-3CE3-4C45-9FB5-6B43C4BA481D}.Release|Any CPU.ActiveCfg = Release|Any CPU
		{9DD0DD6D-3CE3-4C45-9FB5-6B43C4BA481D}.Release|Any CPU.Build.0 = Release|Any CPU
		{9DD0DD6D-3CE3-4C45-9FB5-6B43C4BA481D}.Release|ARM.ActiveCfg = Release|Any CPU
		{9DD0DD6D-3CE3-4C45-9FB5-6B43C4BA481D}.Release|ARM.Build.0 = Release|Any CPU
		{9DD0DD6D-3CE3-4C45-9FB5-6B43C4BA481D}.Release|x64.ActiveCfg = Release|Any CPU
		{9DD0DD6D-3CE3-4C45-9FB5-6B43C4BA481D}.Release|x64.Build.0 = Release|Any CPU
		{9DD0DD6D-3CE3-4C45-9FB5-6B43C4BA481D}.Release|x86.ActiveCfg = Release|Any CPU
		{9DD0DD6D-3CE3-4C45-9FB5-6B43C4BA481D}.Release|x86.Build.0 = Release|Any CPU
		{ACBCB55E-6B43-4852-B306-D4A51D3D64F4}.Debug|Any CPU.ActiveCfg = Debug|Any CPU
		{ACBCB55E-6B43-4852-B306-D4A51D3D64F4}.Debug|Any CPU.Build.0 = Debug|Any CPU
		{ACBCB55E-6B43-4852-B306-D4A51D3D64F4}.Debug|ARM.ActiveCfg = Debug|Any CPU
		{ACBCB55E-6B43-4852-B306-D4A51D3D64F4}.Debug|ARM.Build.0 = Debug|Any CPU
		{ACBCB55E-6B43-4852-B306-D4A51D3D64F4}.Debug|x64.ActiveCfg = Debug|Any CPU
		{ACBCB55E-6B43-4852-B306-D4A51D3D64F4}.Debug|x64.Build.0 = Debug|Any CPU
		{ACBCB55E-6B43-4852-B306-D4A51D3D64F4}.Debug|x86.ActiveCfg = Debug|Any CPU
		{ACBCB55E-6B43-4852-B306-D4A51D3D64F4}.Debug|x86.Build.0 = Debug|Any CPU
		{ACBCB55E-6B43-4852-B306-D4A51D3D64F4}.Release|Any CPU.ActiveCfg = Release|Any CPU
		{ACBCB55E-6B43-4852-B306-D4A51D3D64F4}.Release|Any CPU.Build.0 = Release|Any CPU
		{ACBCB55E-6B43-4852-B306-D4A51D3D64F4}.Release|ARM.ActiveCfg = Release|Any CPU
		{ACBCB55E-6B43-4852-B306-D4A51D3D64F4}.Release|ARM.Build.0 = Release|Any CPU
		{ACBCB55E-6B43-4852-B306-D4A51D3D64F4}.Release|x64.ActiveCfg = Release|Any CPU
		{ACBCB55E-6B43-4852-B306-D4A51D3D64F4}.Release|x64.Build.0 = Release|Any CPU
		{ACBCB55E-6B43-4852-B306-D4A51D3D64F4}.Release|x86.ActiveCfg = Release|Any CPU
		{ACBCB55E-6B43-4852-B306-D4A51D3D64F4}.Release|x86.Build.0 = Release|Any CPU
		{85368828-4F7A-4410-B2F8-1E108133D940}.Debug|Any CPU.ActiveCfg = Debug|Any CPU
		{85368828-4F7A-4410-B2F8-1E108133D940}.Debug|Any CPU.Build.0 = Debug|Any CPU
		{85368828-4F7A-4410-B2F8-1E108133D940}.Debug|ARM.ActiveCfg = Debug|Any CPU
		{85368828-4F7A-4410-B2F8-1E108133D940}.Debug|ARM.Build.0 = Debug|Any CPU
		{85368828-4F7A-4410-B2F8-1E108133D940}.Debug|x64.ActiveCfg = Debug|Any CPU
		{85368828-4F7A-4410-B2F8-1E108133D940}.Debug|x64.Build.0 = Debug|Any CPU
		{85368828-4F7A-4410-B2F8-1E108133D940}.Debug|x86.ActiveCfg = Debug|Any CPU
		{85368828-4F7A-4410-B2F8-1E108133D940}.Debug|x86.Build.0 = Debug|Any CPU
		{85368828-4F7A-4410-B2F8-1E108133D940}.Release|Any CPU.ActiveCfg = Release|Any CPU
		{85368828-4F7A-4410-B2F8-1E108133D940}.Release|Any CPU.Build.0 = Release|Any CPU
		{85368828-4F7A-4410-B2F8-1E108133D940}.Release|ARM.ActiveCfg = Release|Any CPU
		{85368828-4F7A-4410-B2F8-1E108133D940}.Release|ARM.Build.0 = Release|Any CPU
		{85368828-4F7A-4410-B2F8-1E108133D940}.Release|x64.ActiveCfg = Release|Any CPU
		{85368828-4F7A-4410-B2F8-1E108133D940}.Release|x64.Build.0 = Release|Any CPU
		{85368828-4F7A-4410-B2F8-1E108133D940}.Release|x86.ActiveCfg = Release|Any CPU
		{85368828-4F7A-4410-B2F8-1E108133D940}.Release|x86.Build.0 = Release|Any CPU
		{23C903FC-D9FD-4225-8371-2BF8EEB9F471}.Debug|Any CPU.ActiveCfg = Debug|Any CPU
		{23C903FC-D9FD-4225-8371-2BF8EEB9F471}.Debug|Any CPU.Build.0 = Debug|Any CPU
		{23C903FC-D9FD-4225-8371-2BF8EEB9F471}.Debug|ARM.ActiveCfg = Debug|Any CPU
		{23C903FC-D9FD-4225-8371-2BF8EEB9F471}.Debug|ARM.Build.0 = Debug|Any CPU
		{23C903FC-D9FD-4225-8371-2BF8EEB9F471}.Debug|x64.ActiveCfg = Debug|Any CPU
		{23C903FC-D9FD-4225-8371-2BF8EEB9F471}.Debug|x64.Build.0 = Debug|Any CPU
		{23C903FC-D9FD-4225-8371-2BF8EEB9F471}.Debug|x86.ActiveCfg = Debug|Any CPU
		{23C903FC-D9FD-4225-8371-2BF8EEB9F471}.Debug|x86.Build.0 = Debug|Any CPU
		{23C903FC-D9FD-4225-8371-2BF8EEB9F471}.Release|Any CPU.ActiveCfg = Release|Any CPU
		{23C903FC-D9FD-4225-8371-2BF8EEB9F471}.Release|Any CPU.Build.0 = Release|Any CPU
		{23C903FC-D9FD-4225-8371-2BF8EEB9F471}.Release|ARM.ActiveCfg = Release|Any CPU
		{23C903FC-D9FD-4225-8371-2BF8EEB9F471}.Release|ARM.Build.0 = Release|Any CPU
		{23C903FC-D9FD-4225-8371-2BF8EEB9F471}.Release|x64.ActiveCfg = Release|Any CPU
		{23C903FC-D9FD-4225-8371-2BF8EEB9F471}.Release|x64.Build.0 = Release|Any CPU
		{23C903FC-D9FD-4225-8371-2BF8EEB9F471}.Release|x86.ActiveCfg = Release|Any CPU
		{23C903FC-D9FD-4225-8371-2BF8EEB9F471}.Release|x86.Build.0 = Release|Any CPU
		{9505A0AC-F198-4FE2-8DFE-3DB1A077E695}.Debug|Any CPU.ActiveCfg = Debug|Any CPU
		{9505A0AC-F198-4FE2-8DFE-3DB1A077E695}.Debug|Any CPU.Build.0 = Debug|Any CPU
		{9505A0AC-F198-4FE2-8DFE-3DB1A077E695}.Debug|ARM.ActiveCfg = Debug|Any CPU
		{9505A0AC-F198-4FE2-8DFE-3DB1A077E695}.Debug|ARM.Build.0 = Debug|Any CPU
		{9505A0AC-F198-4FE2-8DFE-3DB1A077E695}.Debug|x64.ActiveCfg = Debug|Any CPU
		{9505A0AC-F198-4FE2-8DFE-3DB1A077E695}.Debug|x64.Build.0 = Debug|Any CPU
		{9505A0AC-F198-4FE2-8DFE-3DB1A077E695}.Debug|x86.ActiveCfg = Debug|Any CPU
		{9505A0AC-F198-4FE2-8DFE-3DB1A077E695}.Debug|x86.Build.0 = Debug|Any CPU
		{9505A0AC-F198-4FE2-8DFE-3DB1A077E695}.Release|Any CPU.ActiveCfg = Release|Any CPU
		{9505A0AC-F198-4FE2-8DFE-3DB1A077E695}.Release|Any CPU.Build.0 = Release|Any CPU
		{9505A0AC-F198-4FE2-8DFE-3DB1A077E695}.Release|ARM.ActiveCfg = Release|Any CPU
		{9505A0AC-F198-4FE2-8DFE-3DB1A077E695}.Release|ARM.Build.0 = Release|Any CPU
		{9505A0AC-F198-4FE2-8DFE-3DB1A077E695}.Release|x64.ActiveCfg = Release|Any CPU
		{9505A0AC-F198-4FE2-8DFE-3DB1A077E695}.Release|x64.Build.0 = Release|Any CPU
		{9505A0AC-F198-4FE2-8DFE-3DB1A077E695}.Release|x86.ActiveCfg = Release|Any CPU
		{9505A0AC-F198-4FE2-8DFE-3DB1A077E695}.Release|x86.Build.0 = Release|Any CPU
		{8D57341E-2F8D-475F-9866-FFFEC64B59C2}.Debug|Any CPU.ActiveCfg = Debug|Any CPU
		{8D57341E-2F8D-475F-9866-FFFEC64B59C2}.Debug|Any CPU.Build.0 = Debug|Any CPU
		{8D57341E-2F8D-475F-9866-FFFEC64B59C2}.Debug|ARM.ActiveCfg = Debug|Any CPU
		{8D57341E-2F8D-475F-9866-FFFEC64B59C2}.Debug|ARM.Build.0 = Debug|Any CPU
		{8D57341E-2F8D-475F-9866-FFFEC64B59C2}.Debug|x64.ActiveCfg = Debug|Any CPU
		{8D57341E-2F8D-475F-9866-FFFEC64B59C2}.Debug|x64.Build.0 = Debug|Any CPU
		{8D57341E-2F8D-475F-9866-FFFEC64B59C2}.Debug|x86.ActiveCfg = Debug|Any CPU
		{8D57341E-2F8D-475F-9866-FFFEC64B59C2}.Debug|x86.Build.0 = Debug|Any CPU
		{8D57341E-2F8D-475F-9866-FFFEC64B59C2}.Release|Any CPU.ActiveCfg = Release|Any CPU
		{8D57341E-2F8D-475F-9866-FFFEC64B59C2}.Release|Any CPU.Build.0 = Release|Any CPU
		{8D57341E-2F8D-475F-9866-FFFEC64B59C2}.Release|ARM.ActiveCfg = Release|Any CPU
		{8D57341E-2F8D-475F-9866-FFFEC64B59C2}.Release|ARM.Build.0 = Release|Any CPU
		{8D57341E-2F8D-475F-9866-FFFEC64B59C2}.Release|x64.ActiveCfg = Release|Any CPU
		{8D57341E-2F8D-475F-9866-FFFEC64B59C2}.Release|x64.Build.0 = Release|Any CPU
		{8D57341E-2F8D-475F-9866-FFFEC64B59C2}.Release|x86.ActiveCfg = Release|Any CPU
		{8D57341E-2F8D-475F-9866-FFFEC64B59C2}.Release|x86.Build.0 = Release|Any CPU
		{EEC5C3E8-5B12-4B0A-AFA5-A61E1D1D9D59}.Debug|Any CPU.ActiveCfg = Debug|Any CPU
		{EEC5C3E8-5B12-4B0A-AFA5-A61E1D1D9D59}.Debug|Any CPU.Build.0 = Debug|Any CPU
		{EEC5C3E8-5B12-4B0A-AFA5-A61E1D1D9D59}.Debug|ARM.ActiveCfg = Debug|Any CPU
		{EEC5C3E8-5B12-4B0A-AFA5-A61E1D1D9D59}.Debug|ARM.Build.0 = Debug|Any CPU
		{EEC5C3E8-5B12-4B0A-AFA5-A61E1D1D9D59}.Debug|x64.ActiveCfg = Debug|Any CPU
		{EEC5C3E8-5B12-4B0A-AFA5-A61E1D1D9D59}.Debug|x64.Build.0 = Debug|Any CPU
		{EEC5C3E8-5B12-4B0A-AFA5-A61E1D1D9D59}.Debug|x86.ActiveCfg = Debug|Any CPU
		{EEC5C3E8-5B12-4B0A-AFA5-A61E1D1D9D59}.Debug|x86.Build.0 = Debug|Any CPU
		{EEC5C3E8-5B12-4B0A-AFA5-A61E1D1D9D59}.Release|Any CPU.ActiveCfg = Release|Any CPU
		{EEC5C3E8-5B12-4B0A-AFA5-A61E1D1D9D59}.Release|Any CPU.Build.0 = Release|Any CPU
		{EEC5C3E8-5B12-4B0A-AFA5-A61E1D1D9D59}.Release|ARM.ActiveCfg = Release|Any CPU
		{EEC5C3E8-5B12-4B0A-AFA5-A61E1D1D9D59}.Release|ARM.Build.0 = Release|Any CPU
		{EEC5C3E8-5B12-4B0A-AFA5-A61E1D1D9D59}.Release|x64.ActiveCfg = Release|Any CPU
		{EEC5C3E8-5B12-4B0A-AFA5-A61E1D1D9D59}.Release|x64.Build.0 = Release|Any CPU
		{EEC5C3E8-5B12-4B0A-AFA5-A61E1D1D9D59}.Release|x86.ActiveCfg = Release|Any CPU
		{EEC5C3E8-5B12-4B0A-AFA5-A61E1D1D9D59}.Release|x86.Build.0 = Release|Any CPU
		{17AE0D7A-A23C-4FB7-84E2-6B5E3CB7784A}.Debug|Any CPU.ActiveCfg = Debug|Any CPU
		{17AE0D7A-A23C-4FB7-84E2-6B5E3CB7784A}.Debug|Any CPU.Build.0 = Debug|Any CPU
		{17AE0D7A-A23C-4FB7-84E2-6B5E3CB7784A}.Debug|ARM.ActiveCfg = Debug|Any CPU
		{17AE0D7A-A23C-4FB7-84E2-6B5E3CB7784A}.Debug|ARM.Build.0 = Debug|Any CPU
		{17AE0D7A-A23C-4FB7-84E2-6B5E3CB7784A}.Debug|x64.ActiveCfg = Debug|Any CPU
		{17AE0D7A-A23C-4FB7-84E2-6B5E3CB7784A}.Debug|x64.Build.0 = Debug|Any CPU
		{17AE0D7A-A23C-4FB7-84E2-6B5E3CB7784A}.Debug|x86.ActiveCfg = Debug|Any CPU
		{17AE0D7A-A23C-4FB7-84E2-6B5E3CB7784A}.Debug|x86.Build.0 = Debug|Any CPU
		{17AE0D7A-A23C-4FB7-84E2-6B5E3CB7784A}.Release|Any CPU.ActiveCfg = Release|Any CPU
		{17AE0D7A-A23C-4FB7-84E2-6B5E3CB7784A}.Release|Any CPU.Build.0 = Release|Any CPU
		{17AE0D7A-A23C-4FB7-84E2-6B5E3CB7784A}.Release|ARM.ActiveCfg = Release|Any CPU
		{17AE0D7A-A23C-4FB7-84E2-6B5E3CB7784A}.Release|ARM.Build.0 = Release|Any CPU
		{17AE0D7A-A23C-4FB7-84E2-6B5E3CB7784A}.Release|x64.ActiveCfg = Release|Any CPU
		{17AE0D7A-A23C-4FB7-84E2-6B5E3CB7784A}.Release|x64.Build.0 = Release|Any CPU
		{17AE0D7A-A23C-4FB7-84E2-6B5E3CB7784A}.Release|x86.ActiveCfg = Release|Any CPU
		{17AE0D7A-A23C-4FB7-84E2-6B5E3CB7784A}.Release|x86.Build.0 = Release|Any CPU
		{712C3EE1-13F4-4866-804F-D6FF77A6D69D}.Debug|Any CPU.ActiveCfg = Debug|Any CPU
		{712C3EE1-13F4-4866-804F-D6FF77A6D69D}.Debug|Any CPU.Build.0 = Debug|Any CPU
		{712C3EE1-13F4-4866-804F-D6FF77A6D69D}.Debug|ARM.ActiveCfg = Debug|Any CPU
		{712C3EE1-13F4-4866-804F-D6FF77A6D69D}.Debug|ARM.Build.0 = Debug|Any CPU
		{712C3EE1-13F4-4866-804F-D6FF77A6D69D}.Debug|x64.ActiveCfg = Debug|Any CPU
		{712C3EE1-13F4-4866-804F-D6FF77A6D69D}.Debug|x64.Build.0 = Debug|Any CPU
		{712C3EE1-13F4-4866-804F-D6FF77A6D69D}.Debug|x86.ActiveCfg = Debug|Any CPU
		{712C3EE1-13F4-4866-804F-D6FF77A6D69D}.Debug|x86.Build.0 = Debug|Any CPU
		{712C3EE1-13F4-4866-804F-D6FF77A6D69D}.Release|Any CPU.ActiveCfg = Release|Any CPU
		{712C3EE1-13F4-4866-804F-D6FF77A6D69D}.Release|Any CPU.Build.0 = Release|Any CPU
		{712C3EE1-13F4-4866-804F-D6FF77A6D69D}.Release|ARM.ActiveCfg = Release|Any CPU
		{712C3EE1-13F4-4866-804F-D6FF77A6D69D}.Release|ARM.Build.0 = Release|Any CPU
		{712C3EE1-13F4-4866-804F-D6FF77A6D69D}.Release|x64.ActiveCfg = Release|Any CPU
		{712C3EE1-13F4-4866-804F-D6FF77A6D69D}.Release|x64.Build.0 = Release|Any CPU
		{712C3EE1-13F4-4866-804F-D6FF77A6D69D}.Release|x86.ActiveCfg = Release|Any CPU
		{712C3EE1-13F4-4866-804F-D6FF77A6D69D}.Release|x86.Build.0 = Release|Any CPU
		{35C01BF9-6577-43FD-BE6B-E0396A974F33}.Debug|Any CPU.ActiveCfg = Debug|Any CPU
		{35C01BF9-6577-43FD-BE6B-E0396A974F33}.Debug|Any CPU.Build.0 = Debug|Any CPU
		{35C01BF9-6577-43FD-BE6B-E0396A974F33}.Debug|ARM.ActiveCfg = Debug|Any CPU
		{35C01BF9-6577-43FD-BE6B-E0396A974F33}.Debug|ARM.Build.0 = Debug|Any CPU
		{35C01BF9-6577-43FD-BE6B-E0396A974F33}.Debug|x64.ActiveCfg = Debug|Any CPU
		{35C01BF9-6577-43FD-BE6B-E0396A974F33}.Debug|x64.Build.0 = Debug|Any CPU
		{35C01BF9-6577-43FD-BE6B-E0396A974F33}.Debug|x86.ActiveCfg = Debug|Any CPU
		{35C01BF9-6577-43FD-BE6B-E0396A974F33}.Debug|x86.Build.0 = Debug|Any CPU
		{35C01BF9-6577-43FD-BE6B-E0396A974F33}.Release|Any CPU.ActiveCfg = Release|Any CPU
		{35C01BF9-6577-43FD-BE6B-E0396A974F33}.Release|Any CPU.Build.0 = Release|Any CPU
		{35C01BF9-6577-43FD-BE6B-E0396A974F33}.Release|ARM.ActiveCfg = Release|Any CPU
		{35C01BF9-6577-43FD-BE6B-E0396A974F33}.Release|ARM.Build.0 = Release|Any CPU
		{35C01BF9-6577-43FD-BE6B-E0396A974F33}.Release|x64.ActiveCfg = Release|Any CPU
		{35C01BF9-6577-43FD-BE6B-E0396A974F33}.Release|x64.Build.0 = Release|Any CPU
		{35C01BF9-6577-43FD-BE6B-E0396A974F33}.Release|x86.ActiveCfg = Release|Any CPU
		{35C01BF9-6577-43FD-BE6B-E0396A974F33}.Release|x86.Build.0 = Release|Any CPU
		{6165BEDE-5FBD-4E88-B891-1FCAAA21C075}.Debug|Any CPU.ActiveCfg = Debug|Any CPU
		{6165BEDE-5FBD-4E88-B891-1FCAAA21C075}.Debug|Any CPU.Build.0 = Debug|Any CPU
		{6165BEDE-5FBD-4E88-B891-1FCAAA21C075}.Debug|ARM.ActiveCfg = Debug|Any CPU
		{6165BEDE-5FBD-4E88-B891-1FCAAA21C075}.Debug|ARM.Build.0 = Debug|Any CPU
		{6165BEDE-5FBD-4E88-B891-1FCAAA21C075}.Debug|x64.ActiveCfg = Debug|Any CPU
		{6165BEDE-5FBD-4E88-B891-1FCAAA21C075}.Debug|x64.Build.0 = Debug|Any CPU
		{6165BEDE-5FBD-4E88-B891-1FCAAA21C075}.Debug|x86.ActiveCfg = Debug|Any CPU
		{6165BEDE-5FBD-4E88-B891-1FCAAA21C075}.Debug|x86.Build.0 = Debug|Any CPU
		{6165BEDE-5FBD-4E88-B891-1FCAAA21C075}.Release|Any CPU.ActiveCfg = Release|Any CPU
		{6165BEDE-5FBD-4E88-B891-1FCAAA21C075}.Release|Any CPU.Build.0 = Release|Any CPU
		{6165BEDE-5FBD-4E88-B891-1FCAAA21C075}.Release|ARM.ActiveCfg = Release|Any CPU
		{6165BEDE-5FBD-4E88-B891-1FCAAA21C075}.Release|ARM.Build.0 = Release|Any CPU
		{6165BEDE-5FBD-4E88-B891-1FCAAA21C075}.Release|x64.ActiveCfg = Release|Any CPU
		{6165BEDE-5FBD-4E88-B891-1FCAAA21C075}.Release|x64.Build.0 = Release|Any CPU
		{6165BEDE-5FBD-4E88-B891-1FCAAA21C075}.Release|x86.ActiveCfg = Release|Any CPU
		{6165BEDE-5FBD-4E88-B891-1FCAAA21C075}.Release|x86.Build.0 = Release|Any CPU
		{CE2E6F10-077F-4BD8-ACB7-2D5B43F6EDD5}.Debug|Any CPU.ActiveCfg = Debug|Any CPU
		{CE2E6F10-077F-4BD8-ACB7-2D5B43F6EDD5}.Debug|Any CPU.Build.0 = Debug|Any CPU
		{CE2E6F10-077F-4BD8-ACB7-2D5B43F6EDD5}.Debug|ARM.ActiveCfg = Debug|Any CPU
		{CE2E6F10-077F-4BD8-ACB7-2D5B43F6EDD5}.Debug|ARM.Build.0 = Debug|Any CPU
		{CE2E6F10-077F-4BD8-ACB7-2D5B43F6EDD5}.Debug|x64.ActiveCfg = Debug|Any CPU
		{CE2E6F10-077F-4BD8-ACB7-2D5B43F6EDD5}.Debug|x64.Build.0 = Debug|Any CPU
		{CE2E6F10-077F-4BD8-ACB7-2D5B43F6EDD5}.Debug|x86.ActiveCfg = Debug|Any CPU
		{CE2E6F10-077F-4BD8-ACB7-2D5B43F6EDD5}.Debug|x86.Build.0 = Debug|Any CPU
		{CE2E6F10-077F-4BD8-ACB7-2D5B43F6EDD5}.Release|Any CPU.ActiveCfg = Release|Any CPU
		{CE2E6F10-077F-4BD8-ACB7-2D5B43F6EDD5}.Release|Any CPU.Build.0 = Release|Any CPU
		{CE2E6F10-077F-4BD8-ACB7-2D5B43F6EDD5}.Release|ARM.ActiveCfg = Release|Any CPU
		{CE2E6F10-077F-4BD8-ACB7-2D5B43F6EDD5}.Release|ARM.Build.0 = Release|Any CPU
		{CE2E6F10-077F-4BD8-ACB7-2D5B43F6EDD5}.Release|x64.ActiveCfg = Release|Any CPU
		{CE2E6F10-077F-4BD8-ACB7-2D5B43F6EDD5}.Release|x64.Build.0 = Release|Any CPU
		{CE2E6F10-077F-4BD8-ACB7-2D5B43F6EDD5}.Release|x86.ActiveCfg = Release|Any CPU
		{CE2E6F10-077F-4BD8-ACB7-2D5B43F6EDD5}.Release|x86.Build.0 = Release|Any CPU
		{8E34AF5B-E667-4B13-9EDD-84871B602508}.Debug|Any CPU.ActiveCfg = Debug|Any CPU
		{8E34AF5B-E667-4B13-9EDD-84871B602508}.Debug|Any CPU.Build.0 = Debug|Any CPU
		{8E34AF5B-E667-4B13-9EDD-84871B602508}.Debug|ARM.ActiveCfg = Debug|Any CPU
		{8E34AF5B-E667-4B13-9EDD-84871B602508}.Debug|ARM.Build.0 = Debug|Any CPU
		{8E34AF5B-E667-4B13-9EDD-84871B602508}.Debug|x64.ActiveCfg = Debug|Any CPU
		{8E34AF5B-E667-4B13-9EDD-84871B602508}.Debug|x64.Build.0 = Debug|Any CPU
		{8E34AF5B-E667-4B13-9EDD-84871B602508}.Debug|x86.ActiveCfg = Debug|Any CPU
		{8E34AF5B-E667-4B13-9EDD-84871B602508}.Debug|x86.Build.0 = Debug|Any CPU
		{8E34AF5B-E667-4B13-9EDD-84871B602508}.Release|Any CPU.ActiveCfg = Release|Any CPU
		{8E34AF5B-E667-4B13-9EDD-84871B602508}.Release|Any CPU.Build.0 = Release|Any CPU
		{8E34AF5B-E667-4B13-9EDD-84871B602508}.Release|ARM.ActiveCfg = Release|Any CPU
		{8E34AF5B-E667-4B13-9EDD-84871B602508}.Release|ARM.Build.0 = Release|Any CPU
		{8E34AF5B-E667-4B13-9EDD-84871B602508}.Release|x64.ActiveCfg = Release|Any CPU
		{8E34AF5B-E667-4B13-9EDD-84871B602508}.Release|x64.Build.0 = Release|Any CPU
		{8E34AF5B-E667-4B13-9EDD-84871B602508}.Release|x86.ActiveCfg = Release|Any CPU
		{8E34AF5B-E667-4B13-9EDD-84871B602508}.Release|x86.Build.0 = Release|Any CPU
		{D4DEF482-4D09-43FD-9794-4DEE42A0526A}.Debug|Any CPU.ActiveCfg = Debug|Any CPU
		{D4DEF482-4D09-43FD-9794-4DEE42A0526A}.Debug|Any CPU.Build.0 = Debug|Any CPU
		{D4DEF482-4D09-43FD-9794-4DEE42A0526A}.Debug|ARM.ActiveCfg = Debug|Any CPU
		{D4DEF482-4D09-43FD-9794-4DEE42A0526A}.Debug|ARM.Build.0 = Debug|Any CPU
		{D4DEF482-4D09-43FD-9794-4DEE42A0526A}.Debug|x64.ActiveCfg = Debug|Any CPU
		{D4DEF482-4D09-43FD-9794-4DEE42A0526A}.Debug|x64.Build.0 = Debug|Any CPU
		{D4DEF482-4D09-43FD-9794-4DEE42A0526A}.Debug|x86.ActiveCfg = Debug|Any CPU
		{D4DEF482-4D09-43FD-9794-4DEE42A0526A}.Debug|x86.Build.0 = Debug|Any CPU
		{D4DEF482-4D09-43FD-9794-4DEE42A0526A}.Release|Any CPU.ActiveCfg = Release|Any CPU
		{D4DEF482-4D09-43FD-9794-4DEE42A0526A}.Release|Any CPU.Build.0 = Release|Any CPU
		{D4DEF482-4D09-43FD-9794-4DEE42A0526A}.Release|ARM.ActiveCfg = Release|Any CPU
		{D4DEF482-4D09-43FD-9794-4DEE42A0526A}.Release|ARM.Build.0 = Release|Any CPU
		{D4DEF482-4D09-43FD-9794-4DEE42A0526A}.Release|x64.ActiveCfg = Release|Any CPU
		{D4DEF482-4D09-43FD-9794-4DEE42A0526A}.Release|x64.Build.0 = Release|Any CPU
		{D4DEF482-4D09-43FD-9794-4DEE42A0526A}.Release|x86.ActiveCfg = Release|Any CPU
		{D4DEF482-4D09-43FD-9794-4DEE42A0526A}.Release|x86.Build.0 = Release|Any CPU
		{0BE62F2D-6A03-435E-B5B4-B13A45645C4E}.Debug|Any CPU.ActiveCfg = Debug|Any CPU
		{0BE62F2D-6A03-435E-B5B4-B13A45645C4E}.Debug|Any CPU.Build.0 = Debug|Any CPU
		{0BE62F2D-6A03-435E-B5B4-B13A45645C4E}.Debug|ARM.ActiveCfg = Debug|Any CPU
		{0BE62F2D-6A03-435E-B5B4-B13A45645C4E}.Debug|ARM.Build.0 = Debug|Any CPU
		{0BE62F2D-6A03-435E-B5B4-B13A45645C4E}.Debug|x64.ActiveCfg = Debug|Any CPU
		{0BE62F2D-6A03-435E-B5B4-B13A45645C4E}.Debug|x64.Build.0 = Debug|Any CPU
		{0BE62F2D-6A03-435E-B5B4-B13A45645C4E}.Debug|x86.ActiveCfg = Debug|Any CPU
		{0BE62F2D-6A03-435E-B5B4-B13A45645C4E}.Debug|x86.Build.0 = Debug|Any CPU
		{0BE62F2D-6A03-435E-B5B4-B13A45645C4E}.Release|Any CPU.ActiveCfg = Release|Any CPU
		{0BE62F2D-6A03-435E-B5B4-B13A45645C4E}.Release|Any CPU.Build.0 = Release|Any CPU
		{0BE62F2D-6A03-435E-B5B4-B13A45645C4E}.Release|ARM.ActiveCfg = Release|Any CPU
		{0BE62F2D-6A03-435E-B5B4-B13A45645C4E}.Release|ARM.Build.0 = Release|Any CPU
		{0BE62F2D-6A03-435E-B5B4-B13A45645C4E}.Release|x64.ActiveCfg = Release|Any CPU
		{0BE62F2D-6A03-435E-B5B4-B13A45645C4E}.Release|x64.Build.0 = Release|Any CPU
		{0BE62F2D-6A03-435E-B5B4-B13A45645C4E}.Release|x86.ActiveCfg = Release|Any CPU
		{0BE62F2D-6A03-435E-B5B4-B13A45645C4E}.Release|x86.Build.0 = Release|Any CPU
		{512C2E6C-D12C-4E62-97DD-35308AB38BDF}.Debug|Any CPU.ActiveCfg = Debug|Any CPU
		{512C2E6C-D12C-4E62-97DD-35308AB38BDF}.Debug|Any CPU.Build.0 = Debug|Any CPU
		{512C2E6C-D12C-4E62-97DD-35308AB38BDF}.Debug|ARM.ActiveCfg = Debug|Any CPU
		{512C2E6C-D12C-4E62-97DD-35308AB38BDF}.Debug|ARM.Build.0 = Debug|Any CPU
		{512C2E6C-D12C-4E62-97DD-35308AB38BDF}.Debug|x64.ActiveCfg = Debug|Any CPU
		{512C2E6C-D12C-4E62-97DD-35308AB38BDF}.Debug|x64.Build.0 = Debug|Any CPU
		{512C2E6C-D12C-4E62-97DD-35308AB38BDF}.Debug|x86.ActiveCfg = Debug|Any CPU
		{512C2E6C-D12C-4E62-97DD-35308AB38BDF}.Debug|x86.Build.0 = Debug|Any CPU
		{512C2E6C-D12C-4E62-97DD-35308AB38BDF}.Release|Any CPU.ActiveCfg = Release|Any CPU
		{512C2E6C-D12C-4E62-97DD-35308AB38BDF}.Release|Any CPU.Build.0 = Release|Any CPU
		{512C2E6C-D12C-4E62-97DD-35308AB38BDF}.Release|ARM.ActiveCfg = Release|Any CPU
		{512C2E6C-D12C-4E62-97DD-35308AB38BDF}.Release|ARM.Build.0 = Release|Any CPU
		{512C2E6C-D12C-4E62-97DD-35308AB38BDF}.Release|x64.ActiveCfg = Release|Any CPU
		{512C2E6C-D12C-4E62-97DD-35308AB38BDF}.Release|x64.Build.0 = Release|Any CPU
		{512C2E6C-D12C-4E62-97DD-35308AB38BDF}.Release|x86.ActiveCfg = Release|Any CPU
		{512C2E6C-D12C-4E62-97DD-35308AB38BDF}.Release|x86.Build.0 = Release|Any CPU
	EndGlobalSection
	GlobalSection(SolutionProperties) = preSolution
		HideSolutionNode = FALSE
	EndGlobalSection
EndGlobal
