
Microsoft Visual Studio Solution File, Format Version 12.00
# Visual Studio 14
VisualStudioVersion = 14.0.25420.1
MinimumVisualStudioVersion = 10.0.40219.1
Project("{FAE04EC0-301F-11D3-BF4B-00C04F79EFBC}") = "ReversString", "ReversString\ReversString.csproj", "{B2008834-D88A-43F6-B654-F1144E3CD82A}"
EndProject
Project("{FAE04EC0-301F-11D3-BF4B-00C04F79EFBC}") = "StringTestProject", "StringTestProject\StringTestProject.csproj", "{03820B8F-7CEB-4FAD-AAAC-66CE7E018D1C}"
EndProject
Project("{FAE04EC0-301F-11D3-BF4B-00C04F79EFBC}") = "reverseiinterger", "reverseiinterger\reverseiinterger.csproj", "{CC1CB2E7-624B-4ADD-9440-27936E2D23B3}"
EndProject
Global
	GlobalSection(SolutionConfigurationPlatforms) = preSolution
		Debug|Any CPU = Debug|Any CPU
		Release|Any CPU = Release|Any CPU
	EndGlobalSection
	GlobalSection(ProjectConfigurationPlatforms) = postSolution
		{B2008834-D88A-43F6-B654-F1144E3CD82A}.Debug|Any CPU.ActiveCfg = Debug|Any CPU
		{B2008834-D88A-43F6-B654-F1144E3CD82A}.Debug|Any CPU.Build.0 = Debug|Any CPU
		{B2008834-D88A-43F6-B654-F1144E3CD82A}.Release|Any CPU.ActiveCfg = Release|Any CPU
		{B2008834-D88A-43F6-B654-F1144E3CD82A}.Release|Any CPU.Build.0 = Release|Any CPU
		{03820B8F-7CEB-4FAD-AAAC-66CE7E018D1C}.Debug|Any CPU.ActiveCfg = Debug|Any CPU
		{03820B8F-7CEB-4FAD-AAAC-66CE7E018D1C}.Debug|Any CPU.Build.0 = Debug|Any CPU
		{03820B8F-7CEB-4FAD-AAAC-66CE7E018D1C}.Release|Any CPU.ActiveCfg = Release|Any CPU
		{03820B8F-7CEB-4FAD-AAAC-66CE7E018D1C}.Release|Any CPU.Build.0 = Release|Any CPU
		{CC1CB2E7-624B-4ADD-9440-27936E2D23B3}.Debug|Any CPU.ActiveCfg = Debug|Any CPU
		{CC1CB2E7-624B-4ADD-9440-27936E2D23B3}.Debug|Any CPU.Build.0 = Debug|Any CPU
		{CC1CB2E7-624B-4ADD-9440-27936E2D23B3}.Release|Any CPU.ActiveCfg = Release|Any CPU
		{CC1CB2E7-624B-4ADD-9440-27936E2D23B3}.Release|Any CPU.Build.0 = Release|Any CPU
	EndGlobalSection
	GlobalSection(SolutionProperties) = preSolution
		HideSolutionNode = FALSE
	EndGlobalSection
EndGlobal
